
Microsoft Visual Studio Solution File, Format Version 12.00
# Visual Studio Version 17
VisualStudioVersion = 17.3.32922.545
MinimumVisualStudioVersion = 10.0.40219.1
Project("{9A19103F-16F7-4668-BE54-9A1E7A4F7556}") = "DataUSA", "DataUSA\DataUSA.csproj", "{FA8EDE15-F2A8-4B8B-B5B6-36B71545E3B8}"
EndProject
Project("{9A19103F-16F7-4668-BE54-9A1E7A4F7556}") = "Repository", "Repository\Repository.csproj", "{9C0F3058-024A-4999-800A-FE791F40D792}"
EndProject
Project("{9A19103F-16F7-4668-BE54-9A1E7A4F7556}") = "Entities", "Entities\Entities.csproj", "{A21595D6-C341-47BF-9335-D3E6FDD6A3C1}"
EndProject
Project("{FAE04EC0-301F-11D3-BF4B-00C04F79EFBC}") = "Contracts", "Contracts\Contracts.csproj", "{18DAC7A3-D079-4038-BA19-ED027227842D}"
	ProjectSection(ProjectDependencies) = postProject
		{A21595D6-C341-47BF-9335-D3E6FDD6A3C1} = {A21595D6-C341-47BF-9335-D3E6FDD6A3C1}
	EndProjectSection
EndProject
Global
	GlobalSection(SolutionConfigurationPlatforms) = preSolution
		Debug|Any CPU = Debug|Any CPU
		Release|Any CPU = Release|Any CPU
	EndGlobalSection
	GlobalSection(ProjectConfigurationPlatforms) = postSolution
		{FA8EDE15-F2A8-4B8B-B5B6-36B71545E3B8}.Debug|Any CPU.ActiveCfg = Debug|Any CPU
		{FA8EDE15-F2A8-4B8B-B5B6-36B71545E3B8}.Debug|Any CPU.Build.0 = Debug|Any CPU
		{FA8EDE15-F2A8-4B8B-B5B6-36B71545E3B8}.Release|Any CPU.ActiveCfg = Release|Any CPU
		{FA8EDE15-F2A8-4B8B-B5B6-36B71545E3B8}.Release|Any CPU.Build.0 = Release|Any CPU
		{9C0F3058-024A-4999-800A-FE791F40D792}.Debug|Any CPU.ActiveCfg = Debug|Any CPU
		{9C0F3058-024A-4999-800A-FE791F40D792}.Debug|Any CPU.Build.0 = Debug|Any CPU
		{9C0F3058-024A-4999-800A-FE791F40D792}.Release|Any CPU.ActiveCfg = Release|Any CPU
		{9C0F3058-024A-4999-800A-FE791F40D792}.Release|Any CPU.Build.0 = Release|Any CPU
		{A21595D6-C341-47BF-9335-D3E6FDD6A3C1}.Debug|Any CPU.ActiveCfg = Debug|Any CPU
		{A21595D6-C341-47BF-9335-D3E6FDD6A3C1}.Debug|Any CPU.Build.0 = Debug|Any CPU
		{A21595D6-C341-47BF-9335-D3E6FDD6A3C1}.Release|Any CPU.ActiveCfg = Release|Any CPU
		{A21595D6-C341-47BF-9335-D3E6FDD6A3C1}.Release|Any CPU.Build.0 = Release|Any CPU
		{18DAC7A3-D079-4038-BA19-ED027227842D}.Debug|Any CPU.ActiveCfg = Debug|Any CPU
		{18DAC7A3-D079-4038-BA19-ED027227842D}.Debug|Any CPU.Build.0 = Debug|Any CPU
		{18DAC7A3-D079-4038-BA19-ED027227842D}.Release|Any CPU.ActiveCfg = Release|Any CPU
		{18DAC7A3-D079-4038-BA19-ED027227842D}.Release|Any CPU.Build.0 = Release|Any CPU
	EndGlobalSection
	GlobalSection(SolutionProperties) = preSolution
		HideSolutionNode = FALSE
	EndGlobalSection
	GlobalSection(ExtensibilityGlobals) = postSolution
		SolutionGuid = {5BB05270-2688-42A7-AE53-88465EF3B3D9}
	EndGlobalSection
EndGlobal
